
Microsoft Visual Studio Solution File, Format Version 12.00
# Visual Studio Version 17
VisualStudioVersion = 17.8.34212.112
MinimumVisualStudioVersion = 10.0.40219.1
Project("{FAE04EC0-301F-11D3-BF4B-00C04F79EFBC}") = "Nexd.Rest", "Nexd.Rest.csproj", "{31BC6CFF-454F-4EE5-91A5-24209627DE98}"
EndProject
Global
	GlobalSection(SolutionConfigurationPlatforms) = preSolution
		Debug|Any CPU = Debug|Any CPU
		Release|Any CPU = Release|Any CPU
	EndGlobalSection
	GlobalSection(ProjectConfigurationPlatforms) = postSolution
		{31BC6CFF-454F-4EE5-91A5-24209627DE98}.Debug|Any CPU.ActiveCfg = Debug|Any CPU
		{31BC6CFF-454F-4EE5-91A5-24209627DE98}.Debug|Any CPU.Build.0 = Debug|Any CPU
		{31BC6CFF-454F-4EE5-91A5-24209627DE98}.Release|Any CPU.ActiveCfg = Release|Any CPU
		{31BC6CFF-454F-4EE5-91A5-24209627DE98}.Release|Any CPU.Build.0 = Release|Any CPU
	EndGlobalSection
	GlobalSection(SolutionProperties) = preSolution
		HideSolutionNode = FALSE
	EndGlobalSection
	GlobalSection(ExtensibilityGlobals) = postSolution
		SolutionGuid = {22E090A1-961E-449E-AEDF-49C480D26A84}
	EndGlobalSection
EndGlobal
